
Microsoft Visual Studio Solution File, Format Version 12.00
# Visual Studio Version 17
VisualStudioVersion = 17.12.35527.113 d17.12
MinimumVisualStudioVersion = 10.0.40219.1
Project("{FAE04EC0-301F-11D3-BF4B-00C04F79EFBC}") = "HangFireExtension.CustomMemoryAndFileStorage", "HangFireExtension.CustomMemoryAndFileStorage\HangFireExtension.CustomMemoryAndFileStorage.csproj", "{74E80131-9B88-4B1F-92C8-5CD139A7E571}"
EndProject
Project("{FAE04EC0-301F-11D3-BF4B-00C04F79EFBC}") = "ProjectTests", "ProjectTests\ProjectTests.csproj", "{36478291-12CB-4104-A673-4C0F01FAE34B}"
EndProject
Global
	GlobalSection(SolutionConfigurationPlatforms) = preSolution
		Debug|Any CPU = Debug|Any CPU
		Release|Any CPU = Release|Any CPU
	EndGlobalSection
	GlobalSection(ProjectConfigurationPlatforms) = postSolution
		{74E80131-9B88-4B1F-92C8-5CD139A7E571}.Debug|Any CPU.ActiveCfg = Debug|Any CPU
		{74E80131-9B88-4B1F-92C8-5CD139A7E571}.Debug|Any CPU.Build.0 = Debug|Any CPU
		{74E80131-9B88-4B1F-92C8-5CD139A7E571}.Release|Any CPU.ActiveCfg = Release|Any CPU
		{74E80131-9B88-4B1F-92C8-5CD139A7E571}.Release|Any CPU.Build.0 = Release|Any CPU
		{36478291-12CB-4104-A673-4C0F01FAE34B}.Debug|Any CPU.ActiveCfg = Debug|Any CPU
		{36478291-12CB-4104-A673-4C0F01FAE34B}.Debug|Any CPU.Build.0 = Debug|Any CPU
		{36478291-12CB-4104-A673-4C0F01FAE34B}.Release|Any CPU.ActiveCfg = Release|Any CPU
		{36478291-12CB-4104-A673-4C0F01FAE34B}.Release|Any CPU.Build.0 = Release|Any CPU
	EndGlobalSection
	GlobalSection(SolutionProperties) = preSolution
		HideSolutionNode = FALSE
	EndGlobalSection
EndGlobal
